// !$*UTF8*$!
{
	archiveVersion = 1;
	classes = {
	};
	objectVersion = 55;
	objects = {

/* Begin PBXBuildFile section */
		4A1FEBF927BF3525000B5BD2 /* DateHelper.swift in Sources */ = {isa = PBXBuildFile; fileRef = 4A1FEBF827BF3525000B5BD2 /* DateHelper.swift */; };
		4A84BF8227BEDEC600D4442F /* AppDelegate.swift in Sources */ = {isa = PBXBuildFile; fileRef = 4A84BF8127BEDEC600D4442F /* AppDelegate.swift */; };
		4A84BF8427BEDEC600D4442F /* SceneDelegate.swift in Sources */ = {isa = PBXBuildFile; fileRef = 4A84BF8327BEDEC600D4442F /* SceneDelegate.swift */; };
		4A84BF8927BEDEC600D4442F /* Main.storyboard in Resources */ = {isa = PBXBuildFile; fileRef = 4A84BF8727BEDEC600D4442F /* Main.storyboard */; };
		4A84BF8C27BEDEC600D4442F /* Event_Manager.xcdatamodeld in Sources */ = {isa = PBXBuildFile; fileRef = 4A84BF8A27BEDEC600D4442F /* Event_Manager.xcdatamodeld */; };
		4A84BF8E27BEDEC800D4442F /* Assets.xcassets in Resources */ = {isa = PBXBuildFile; fileRef = 4A84BF8D27BEDEC800D4442F /* Assets.xcassets */; };
		4A84BF9127BEDEC800D4442F /* LaunchScreen.storyboard in Resources */ = {isa = PBXBuildFile; fileRef = 4A84BF8F27BEDEC800D4442F /* LaunchScreen.storyboard */; };
		4A84BF9E27BEE17200D4442F /* EventManagerTableViewController.swift in Sources */ = {isa = PBXBuildFile; fileRef = 4A84BF9D27BEE17200D4442F /* EventManagerTableViewController.swift */; };
		4A84BFA027BEE19100D4442F /* EventDetailViewController.swift in Sources */ = {isa = PBXBuildFile; fileRef = 4A84BF9F27BEE19100D4442F /* EventDetailViewController.swift */; };
		4A84BFA327BEE28400D4442F /* EventManagerTableViewCell.swift in Sources */ = {isa = PBXBuildFile; fileRef = 4A84BFA227BEE28400D4442F /* EventManagerTableViewCell.swift */; };
		4A84BFA527BEE50600D4442F /* Event+convenience.swift in Sources */ = {isa = PBXBuildFile; fileRef = 4A84BFA427BEE50600D4442F /* Event+convenience.swift */; };
		4A84BFA727BEE57A00D4442F /* CoreDataStack.swift in Sources */ = {isa = PBXBuildFile; fileRef = 4A84BFA627BEE57A00D4442F /* CoreDataStack.swift */; };
		4A84BFAA27BEE74B00D4442F /* EventController.swift in Sources */ = {isa = PBXBuildFile; fileRef = 4A84BFA927BEE74B00D4442F /* EventController.swift */; };
/* End PBXBuildFile section */

/* Begin PBXFileReference section */
		4A1FEBF827BF3525000B5BD2 /* DateHelper.swift */ = {isa = PBXFileReference; lastKnownFileType = sourcecode.swift; path = DateHelper.swift; sourceTree = "<group>"; };
		4A84BF7E27BEDEC600D4442F /* Event Manager.app */ = {isa = PBXFileReference; explicitFileType = wrapper.application; includeInIndex = 0; path = "Event Manager.app"; sourceTree = BUILT_PRODUCTS_DIR; };
		4A84BF8127BEDEC600D4442F /* AppDelegate.swift */ = {isa = PBXFileReference; lastKnownFileType = sourcecode.swift; path = AppDelegate.swift; sourceTree = "<group>"; };
		4A84BF8327BEDEC600D4442F /* SceneDelegate.swift */ = {isa = PBXFileReference; lastKnownFileType = sourcecode.swift; path = SceneDelegate.swift; sourceTree = "<group>"; };
		4A84BF8827BEDEC600D4442F /* Base */ = {isa = PBXFileReference; lastKnownFileType = file.storyboard; name = Base; path = Base.lproj/Main.storyboard; sourceTree = "<group>"; };
		4A84BF8B27BEDEC600D4442F /* Event_Manager.xcdatamodel */ = {isa = PBXFileReference; lastKnownFileType = wrapper.xcdatamodel; path = Event_Manager.xcdatamodel; sourceTree = "<group>"; };
		4A84BF8D27BEDEC800D4442F /* Assets.xcassets */ = {isa = PBXFileReference; lastKnownFileType = folder.assetcatalog; path = Assets.xcassets; sourceTree = "<group>"; };
		4A84BF9027BEDEC800D4442F /* Base */ = {isa = PBXFileReference; lastKnownFileType = file.storyboard; name = Base; path = Base.lproj/LaunchScreen.storyboard; sourceTree = "<group>"; };
		4A84BF9227BEDEC800D4442F /* Info.plist */ = {isa = PBXFileReference; lastKnownFileType = text.plist.xml; path = Info.plist; sourceTree = "<group>"; };
		4A84BF9D27BEE17200D4442F /* EventManagerTableViewController.swift */ = {isa = PBXFileReference; lastKnownFileType = sourcecode.swift; path = EventManagerTableViewController.swift; sourceTree = "<group>"; };
		4A84BF9F27BEE19100D4442F /* EventDetailViewController.swift */ = {isa = PBXFileReference; lastKnownFileType = sourcecode.swift; path = EventDetailViewController.swift; sourceTree = "<group>"; };
		4A84BFA227BEE28400D4442F /* EventManagerTableViewCell.swift */ = {isa = PBXFileReference; lastKnownFileType = sourcecode.swift; path = EventManagerTableViewCell.swift; sourceTree = "<group>"; };
		4A84BFA427BEE50600D4442F /* Event+convenience.swift */ = {isa = PBXFileReference; lastKnownFileType = sourcecode.swift; path = "Event+convenience.swift"; sourceTree = "<group>"; };
		4A84BFA627BEE57A00D4442F /* CoreDataStack.swift */ = {isa = PBXFileReference; lastKnownFileType = sourcecode.swift; path = CoreDataStack.swift; sourceTree = "<group>"; };
		4A84BFA927BEE74B00D4442F /* EventController.swift */ = {isa = PBXFileReference; lastKnownFileType = sourcecode.swift; path = EventController.swift; sourceTree = "<group>"; };
/* End PBXFileReference section */

/* Begin PBXFrameworksBuildPhase section */
		4A84BF7B27BEDEC600D4442F /* Frameworks */ = {
			isa = PBXFrameworksBuildPhase;
			buildActionMask = 2147483647;
			files = (
			);
			runOnlyForDeploymentPostprocessing = 0;
		};
/* End PBXFrameworksBuildPhase section */

/* Begin PBXGroup section */
		4A84BF7527BEDEC600D4442F = {
			isa = PBXGroup;
			children = (
				4A84BF8027BEDEC600D4442F /* Event Manager */,
				4A84BF7F27BEDEC600D4442F /* Products */,
			);
			sourceTree = "<group>";
		};
		4A84BF7F27BEDEC600D4442F /* Products */ = {
			isa = PBXGroup;
			children = (
				4A84BF7E27BEDEC600D4442F /* Event Manager.app */,
			);
			name = Products;
			sourceTree = "<group>";
		};
		4A84BF8027BEDEC600D4442F /* Event Manager */ = {
			isa = PBXGroup;
			children = (
				4A84BF9A27BEDF1300D4442F /* Resources */,
				4A84BF9927BEDF0700D4442F /* Controllers */,
				4A84BF9827BEDEFF00D4442F /* Model */,
				4A84BF9B27BEDF6600D4442F /* Views */,
			);
			path = "Event Manager";
			sourceTree = "<group>";
		};
		4A84BF9827BEDEFF00D4442F /* Model */ = {
			isa = PBXGroup;
			children = (
				4A84BF8A27BEDEC600D4442F /* Event_Manager.xcdatamodeld */,
				4A84BFA427BEE50600D4442F /* Event+convenience.swift */,
			);
			path = Model;
			sourceTree = "<group>";
		};
		4A84BF9927BEDF0700D4442F /* Controllers */ = {
			isa = PBXGroup;
			children = (
				4A84BFA827BEE73900D4442F /* Model Controller */,
				4A84BF9C27BEDF7100D4442F /* View Controllers */,
			);
			path = Controllers;
			sourceTree = "<group>";
		};
		4A84BF9A27BEDF1300D4442F /* Resources */ = {
			isa = PBXGroup;
			children = (
				4A84BF8127BEDEC600D4442F /* AppDelegate.swift */,
				4A84BF8327BEDEC600D4442F /* SceneDelegate.swift */,
				4A84BF8D27BEDEC800D4442F /* Assets.xcassets */,
				4A84BF9227BEDEC800D4442F /* Info.plist */,
				4A84BFA627BEE57A00D4442F /* CoreDataStack.swift */,
				4A1FEBF827BF3525000B5BD2 /* DateHelper.swift */,
			);
			path = Resources;
			sourceTree = "<group>";
		};
		4A84BF9B27BEDF6600D4442F /* Views */ = {
			isa = PBXGroup;
			children = (
				4A84BF8727BEDEC600D4442F /* Main.storyboard */,
				4A84BF8F27BEDEC800D4442F /* LaunchScreen.storyboard */,
			);
			path = Views;
			sourceTree = "<group>";
		};
		4A84BF9C27BEDF7100D4442F /* View Controllers */ = {
			isa = PBXGroup;
			children = (
				4A84BFA127BEE25900D4442F /* Cell Controller */,
				4A84BF9D27BEE17200D4442F /* EventManagerTableViewController.swift */,
				4A84BF9F27BEE19100D4442F /* EventDetailViewController.swift */,
			);
			path = "View Controllers";
			sourceTree = "<group>";
		};
		4A84BFA127BEE25900D4442F /* Cell Controller */ = {
			isa = PBXGroup;
			children = (
				4A84BFA227BEE28400D4442F /* EventManagerTableViewCell.swift */,
			);
			path = "Cell Controller";
			sourceTree = "<group>";
		};
		4A84BFA827BEE73900D4442F /* Model Controller */ = {
			isa = PBXGroup;
			children = (
				4A84BFA927BEE74B00D4442F /* EventController.swift */,
			);
			path = "Model Controller";
			sourceTree = "<group>";
		};
/* End PBXGroup section */

/* Begin PBXNativeTarget section */
		4A84BF7D27BEDEC600D4442F /* Event Manager */ = {
			isa = PBXNativeTarget;
			buildConfigurationList = 4A84BF9527BEDEC800D4442F /* Build configuration list for PBXNativeTarget "Event Manager" */;
			buildPhases = (
				4A84BF7A27BEDEC600D4442F /* Sources */,
				4A84BF7B27BEDEC600D4442F /* Frameworks */,
				4A84BF7C27BEDEC600D4442F /* Resources */,
			);
			buildRules = (
			);
			dependencies = (
			);
			name = "Event Manager";
			productName = "Event Manager";
			productReference = 4A84BF7E27BEDEC600D4442F /* Event Manager.app */;
			productType = "com.apple.product-type.application";
		};
/* End PBXNativeTarget section */

/* Begin PBXProject section */
		4A84BF7627BEDEC600D4442F /* Project object */ = {
			isa = PBXProject;
			attributes = {
				BuildIndependentTargetsInParallel = 1;
				LastSwiftUpdateCheck = 1320;
				LastUpgradeCheck = 1320;
				TargetAttributes = {
					4A84BF7D27BEDEC600D4442F = {
						CreatedOnToolsVersion = 13.2.1;
					};
				};
			};
			buildConfigurationList = 4A84BF7927BEDEC600D4442F /* Build configuration list for PBXProject "Event_Manager" */;
			compatibilityVersion = "Xcode 13.0";
			developmentRegion = en;
			hasScannedForEncodings = 0;
			knownRegions = (
				en,
				Base,
			);
			mainGroup = 4A84BF7527BEDEC600D4442F;
			productRefGroup = 4A84BF7F27BEDEC600D4442F /* Products */;
			projectDirPath = "";
			projectRoot = "";
			targets = (
				4A84BF7D27BEDEC600D4442F /* Event Manager */,
			);
		};
/* End PBXProject section */

/* Begin PBXResourcesBuildPhase section */
		4A84BF7C27BEDEC600D4442F /* Resources */ = {
			isa = PBXResourcesBuildPhase;
			buildActionMask = 2147483647;
			files = (
				4A84BF9127BEDEC800D4442F /* LaunchScreen.storyboard in Resources */,
				4A84BF8E27BEDEC800D4442F /* Assets.xcassets in Resources */,
				4A84BF8927BEDEC600D4442F /* Main.storyboard in Resources */,
			);
			runOnlyForDeploymentPostprocessing = 0;
		};
/* End PBXResourcesBuildPhase section */

/* Begin PBXSourcesBuildPhase section */
		4A84BF7A27BEDEC600D4442F /* Sources */ = {
			isa = PBXSourcesBuildPhase;
			buildActionMask = 2147483647;
			files = (
				4A84BF9E27BEE17200D4442F /* EventManagerTableViewController.swift in Sources */,
				4A84BFA027BEE19100D4442F /* EventDetailViewController.swift in Sources */,
				4A84BFAA27BEE74B00D4442F /* EventController.swift in Sources */,
				4A84BFA327BEE28400D4442F /* EventManagerTableViewCell.swift in Sources */,
				4A84BFA527BEE50600D4442F /* Event+convenience.swift in Sources */,
				4A1FEBF927BF3525000B5BD2 /* DateHelper.swift in Sources */,
				4A84BF8227BEDEC600D4442F /* AppDelegate.swift in Sources */,
				4A84BF8C27BEDEC600D4442F /* Event_Manager.xcdatamodeld in Sources */,
				4A84BF8427BEDEC600D4442F /* SceneDelegate.swift in Sources */,
				4A84BFA727BEE57A00D4442F /* CoreDataStack.swift in Sources */,
			);
			runOnlyForDeploymentPostprocessing = 0;
		};
/* End PBXSourcesBuildPhase section */

/* Begin PBXVariantGroup section */
		4A84BF8727BEDEC600D4442F /* Main.storyboard */ = {
			isa = PBXVariantGroup;
			children = (
				4A84BF8827BEDEC600D4442F /* Base */,
			);
			name = Main.storyboard;
			sourceTree = "<group>";
		};
		4A84BF8F27BEDEC800D4442F /* LaunchScreen.storyboard */ = {
			isa = PBXVariantGroup;
			children = (
				4A84BF9027BEDEC800D4442F /* Base */,
			);
			name = LaunchScreen.storyboard;
			sourceTree = "<group>";
		};
/* End PBXVariantGroup section */

/* Begin XCBuildConfiguration section */
		4A84BF9327BEDEC800D4442F /* Debug */ = {
			isa = XCBuildConfiguration;
			buildSettings = {
				ALWAYS_SEARCH_USER_PATHS = NO;
				CLANG_ANALYZER_NONNULL = YES;
				CLANG_ANALYZER_NUMBER_OBJECT_CONVERSION = YES_AGGRESSIVE;
				CLANG_CXX_LANGUAGE_STANDARD = "gnu++17";
				CLANG_CXX_LIBRARY = "libc++";
				CLANG_ENABLE_MODULES = YES;
				CLANG_ENABLE_OBJC_ARC = YES;
				CLANG_ENABLE_OBJC_WEAK = YES;
				CLANG_WARN_BLOCK_CAPTURE_AUTORELEASING = YES;
				CLANG_WARN_BOOL_CONVERSION = YES;
				CLANG_WARN_COMMA = YES;
				CLANG_WARN_CONSTANT_CONVERSION = YES;
				CLANG_WARN_DEPRECATED_OBJC_IMPLEMENTATIONS = YES;
				CLANG_WARN_DIRECT_OBJC_ISA_USAGE = YES_ERROR;
				CLANG_WARN_DOCUMENTATION_COMMENTS = YES;
				CLANG_WARN_EMPTY_BODY = YES;
				CLANG_WARN_ENUM_CONVERSION = YES;
				CLANG_WARN_INFINITE_RECURSION = YES;
				CLANG_WARN_INT_CONVERSION = YES;
				CLANG_WARN_NON_LITERAL_NULL_CONVERSION = YES;
				CLANG_WARN_OBJC_IMPLICIT_RETAIN_SELF = YES;
				CLANG_WARN_OBJC_LITERAL_CONVERSION = YES;
				CLANG_WARN_OBJC_ROOT_CLASS = YES_ERROR;
				CLANG_WARN_QUOTED_INCLUDE_IN_FRAMEWORK_HEADER = YES;
				CLANG_WARN_RANGE_LOOP_ANALYSIS = YES;
				CLANG_WARN_STRICT_PROTOTYPES = YES;
				CLANG_WARN_SUSPICIOUS_MOVE = YES;
				CLANG_WARN_UNGUARDED_AVAILABILITY = YES_AGGRESSIVE;
				CLANG_WARN_UNREACHABLE_CODE = YES;
				CLANG_WARN__DUPLICATE_METHOD_MATCH = YES;
				COPY_PHASE_STRIP = NO;
				DEBUG_INFORMATION_FORMAT = dwarf;
				ENABLE_STRICT_OBJC_MSGSEND = YES;
				ENABLE_TESTABILITY = YES;
				GCC_C_LANGUAGE_STANDARD = gnu11;
				GCC_DYNAMIC_NO_PIC = NO;
				GCC_NO_COMMON_BLOCKS = YES;
				GCC_OPTIMIZATION_LEVEL = 0;
				GCC_PREPROCESSOR_DEFINITIONS = (
					"DEBUG=1",
					"$(inherited)",
				);
				GCC_WARN_64_TO_32_BIT_CONVERSION = YES;
				GCC_WARN_ABOUT_RETURN_TYPE = YES_ERROR;
				GCC_WARN_UNDECLARED_SELECTOR = YES;
				GCC_WARN_UNINITIALIZED_AUTOS = YES_AGGRESSIVE;
				GCC_WARN_UNUSED_FUNCTION = YES;
				GCC_WARN_UNUSED_VARIABLE = YES;
				IPHONEOS_DEPLOYMENT_TARGET = 15.2;
				MTL_ENABLE_DEBUG_INFO = INCLUDE_SOURCE;
				MTL_FAST_MATH = YES;
				ONLY_ACTIVE_ARCH = YES;
				SDKROOT = iphoneos;
				SWIFT_ACTIVE_COMPILATION_CONDITIONS = DEBUG;
				SWIFT_OPTIMIZATION_LEVEL = "-Onone";
			};
			name = Debug;
		};
		4A84BF9427BEDEC800D4442F /* Release */ = {
			isa = XCBuildConfiguration;
			buildSettings = {
				ALWAYS_SEARCH_USER_PATHS = NO;
				CLANG_ANALYZER_NONNULL = YES;
				CLANG_ANALYZER_NUMBER_OBJECT_CONVERSION = YES_AGGRESSIVE;
				CLANG_CXX_LANGUAGE_STANDARD = "gnu++17";
				CLANG_CXX_LIBRARY = "libc++";
				CLANG_ENABLE_MODULES = YES;
				CLANG_ENABLE_OBJC_ARC = YES;
				CLANG_ENABLE_OBJC_WEAK = YES;
				CLANG_WARN_BLOCK_CAPTURE_AUTORELEASING = YES;
				CLANG_WARN_BOOL_CONVERSION = YES;
				CLANG_WARN_COMMA = YES;
				CLANG_WARN_CONSTANT_CONVERSION = YES;
				CLANG_WARN_DEPRECATED_OBJC_IMPLEMENTATIONS = YES;
				CLANG_WARN_DIRECT_OBJC_ISA_USAGE = YES_ERROR;
				CLANG_WARN_DOCUMENTATION_COMMENTS = YES;
				CLANG_WARN_EMPTY_BODY = YES;
				CLANG_WARN_ENUM_CONVERSION = YES;
				CLANG_WARN_INFINITE_RECURSION = YES;
				CLANG_WARN_INT_CONVERSION = YES;
				CLANG_WARN_NON_LITERAL_NULL_CONVERSION = YES;
				CLANG_WARN_OBJC_IMPLICIT_RETAIN_SELF = YES;
				CLANG_WARN_OBJC_LITERAL_CONVERSION = YES;
				CLANG_WARN_OBJC_ROOT_CLASS = YES_ERROR;
				CLANG_WARN_QUOTED_INCLUDE_IN_FRAMEWORK_HEADER = YES;
				CLANG_WARN_RANGE_LOOP_ANALYSIS = YES;
				CLANG_WARN_STRICT_PROTOTYPES = YES;
				CLANG_WARN_SUSPICIOUS_MOVE = YES;
				CLANG_WARN_UNGUARDED_AVAILABILITY = YES_AGGRESSIVE;
				CLANG_WARN_UNREACHABLE_CODE = YES;
				CLANG_WARN__DUPLICATE_METHOD_MATCH = YES;
				COPY_PHASE_STRIP = NO;
				DEBUG_INFORMATION_FORMAT = "dwarf-with-dsym";
				ENABLE_NS_ASSERTIONS = NO;
				ENABLE_STRICT_OBJC_MSGSEND = YES;
				GCC_C_LANGUAGE_STANDARD = gnu11;
				GCC_NO_COMMON_BLOCKS = YES;
				GCC_WARN_64_TO_32_BIT_CONVERSION = YES;
				GCC_WARN_ABOUT_RETURN_TYPE = YES_ERROR;
				GCC_WARN_UNDECLARED_SELECTOR = YES;
				GCC_WARN_UNINITIALIZED_AUTOS = YES_AGGRESSIVE;
				GCC_WARN_UNUSED_FUNCTION = YES;
				GCC_WARN_UNUSED_VARIABLE = YES;
				IPHONEOS_DEPLOYMENT_TARGET = 15.2;
				MTL_ENABLE_DEBUG_INFO = NO;
				MTL_FAST_MATH = YES;
				SDKROOT = iphoneos;
				SWIFT_COMPILATION_MODE = wholemodule;
				SWIFT_OPTIMIZATION_LEVEL = "-O";
				VALIDATE_PRODUCT = YES;
			};
			name = Release;
		};
		4A84BF9627BEDEC800D4442F /* Debug */ = {
			isa = XCBuildConfiguration;
			buildSettings = {
				ASSETCATALOG_COMPILER_APPICON_NAME = AppIcon;
				ASSETCATALOG_COMPILER_GLOBAL_ACCENT_COLOR_NAME = AccentColor;
				CODE_SIGN_STYLE = Automatic;
				CURRENT_PROJECT_VERSION = 1;
				GENERATE_INFOPLIST_FILE = YES;
				INFOPLIST_FILE = "Event Manager/Resources/Info.plist";
				INFOPLIST_KEY_UIApplicationSupportsIndirectInputEvents = YES;
				INFOPLIST_KEY_UILaunchStoryboardName = LaunchScreen;
				INFOPLIST_KEY_UIMainStoryboardFile = Main;
				INFOPLIST_KEY_UISupportedInterfaceOrientations_iPad = "UIInterfaceOrientationPortrait UIInterfaceOrientationPortraitUpsideDown UIInterfaceOrientationLandscapeLeft UIInterfaceOrientationLandscapeRight";
				INFOPLIST_KEY_UISupportedInterfaceOrientations_iPhone = "UIInterfaceOrientationPortrait UIInterfaceOrientationLandscapeLeft UIInterfaceOrientationLandscapeRight";
				LD_RUNPATH_SEARCH_PATHS = (
					"$(inherited)",
					"@executable_path/Frameworks",
				);
				MARKETING_VERSION = 1.0;
				PRODUCT_BUNDLE_IDENTIFIER = "com.JonmichaelCheung.Event-Manager";
				PRODUCT_NAME = "$(TARGET_NAME)";
				SWIFT_EMIT_LOC_STRINGS = YES;
				SWIFT_VERSION = 5.0;
				TARGETED_DEVICE_FAMILY = "1,2";
			};
			name = Debug;
		};
		4A84BF9727BEDEC800D4442F /* Release */ = {
			isa = XCBuildConfiguration;
			buildSettings = {
				ASSETCATALOG_COMPILER_APPICON_NAME = AppIcon;
				ASSETCATALOG_COMPILER_GLOBAL_ACCENT_COLOR_NAME = AccentColor;
				CODE_SIGN_STYLE = Automatic;
				CURRENT_PROJECT_VERSION = 1;
				GENERATE_INFOPLIST_FILE = YES;
				INFOPLIST_FILE = "Event Manager/Resources/Info.plist";
				INFOPLIST_KEY_UIApplicationSupportsIndirectInputEvents = YES;
				INFOPLIST_KEY_UILaunchStoryboardName = LaunchScreen;
				INFOPLIST_KEY_UIMainStoryboardFile = Main;
				INFOPLIST_KEY_UISupportedInterfaceOrientations_iPad = "UIInterfaceOrientationPortrait UIInterfaceOrientationPortraitUpsideDown UIInterfaceOrientationLandscapeLeft UIInterfaceOrientationLandscapeRight";
				INFOPLIST_KEY_UISupportedInterfaceOrientations_iPhone = "UIInterfaceOrientationPortrait UIInterfaceOrientationLandscapeLeft UIInterfaceOrientationLandscapeRight";
				LD_RUNPATH_SEARCH_PATHS = (
					"$(inherited)",
					"@executable_path/Frameworks",
				);
				MARKETING_VERSION = 1.0;
				PRODUCT_BUNDLE_IDENTIFIER = "com.JonmichaelCheung.Event-Manager";
				PRODUCT_NAME = "$(TARGET_NAME)";
				SWIFT_EMIT_LOC_STRINGS = YES;
				SWIFT_VERSION = 5.0;
				TARGETED_DEVICE_FAMILY = "1,2";
			};
			name = Release;
		};
/* End XCBuildConfiguration section */

/* Begin XCConfigurationList section */
		4A84BF7927BEDEC600D4442F /* Build configuration list for PBXProject "Event_Manager" */ = {
			isa = XCConfigurationList;
			buildConfigurations = (
				4A84BF9327BEDEC800D4442F /* Debug */,
				4A84BF9427BEDEC800D4442F /* Release */,
			);
			defaultConfigurationIsVisible = 0;
			defaultConfigurationName = Release;
		};
		4A84BF9527BEDEC800D4442F /* Build configuration list for PBXNativeTarget "Event Manager" */ = {
			isa = XCConfigurationList;
			buildConfigurations = (
				4A84BF9627BEDEC800D4442F /* Debug */,
				4A84BF9727BEDEC800D4442F /* Release */,
			);
			defaultConfigurationIsVisible = 0;
			defaultConfigurationName = Release;
		};
/* End XCConfigurationList section */

/* Begin XCVersionGroup section */
		4A84BF8A27BEDEC600D4442F /* Event_Manager.xcdatamodeld */ = {
			isa = XCVersionGroup;
			children = (
				4A84BF8B27BEDEC600D4442F /* Event_Manager.xcdatamodel */,
			);
			currentVersion = 4A84BF8B27BEDEC600D4442F /* Event_Manager.xcdatamodel */;
			path = Event_Manager.xcdatamodeld;
			sourceTree = "<group>";
			versionGroupType = wrapper.xcdatamodel;
		};
/* End XCVersionGroup section */
	};
	rootObject = 4A84BF7627BEDEC600D4442F /* Project object */;
}
